
Microsoft Visual Studio Solution File, Format Version 12.00
# Visual Studio Version 16
VisualStudioVersion = 16.0.30406.217
MinimumVisualStudioVersion = 10.0.40219.1
Project("{9A19103F-16F7-4668-BE54-9A1E7A4F7556}") = "meow_hash.NET", "meow_hash.NET.csproj", "{A6C19CC6-7B9B-4944-8D5B-2B82F8DAE46B}"
EndProject
Global
	GlobalSection(SolutionConfigurationPlatforms) = preSolution
		Debug|Any CPU = Debug|Any CPU
		Release|Any CPU = Release|Any CPU
	EndGlobalSection
	GlobalSection(ProjectConfigurationPlatforms) = postSolution
		{A6C19CC6-7B9B-4944-8D5B-2B82F8DAE46B}.Debug|Any CPU.ActiveCfg = Debug|Any CPU
		{A6C19CC6-7B9B-4944-8D5B-2B82F8DAE46B}.Debug|Any CPU.Build.0 = Debug|Any CPU
		{A6C19CC6-7B9B-4944-8D5B-2B82F8DAE46B}.Release|Any CPU.ActiveCfg = Release|Any CPU
		{A6C19CC6-7B9B-4944-8D5B-2B82F8DAE46B}.Release|Any CPU.Build.0 = Release|Any CPU
	EndGlobalSection
	GlobalSection(SolutionProperties) = preSolution
		HideSolutionNode = FALSE
	EndGlobalSection
	GlobalSection(ExtensibilityGlobals) = postSolution
		SolutionGuid = {2C4F4279-E8B9-4DC1-9F95-72077A0B92AD}
	EndGlobalSection
EndGlobal
